
Microsoft Visual Studio Solution File, Format Version 12.00
# Visual Studio Version 16
VisualStudioVersion = 16.0.29911.84
MinimumVisualStudioVersion = 10.0.40219.1
Project("{FAE04EC0-301F-11D3-BF4B-00C04F79EFBC}") = "Laboratorio 05 Juan Roncagliolo", "Laboratorio 05 Juan Roncagliolo\Laboratorio 05 Juan Roncagliolo.csproj", "{14043F80-BA0E-4073-9224-25FC2B886DE7}"
EndProject
Global
	GlobalSection(SolutionConfigurationPlatforms) = preSolution
		Debug|Any CPU = Debug|Any CPU
		Release|Any CPU = Release|Any CPU
	EndGlobalSection
	GlobalSection(ProjectConfigurationPlatforms) = postSolution
		{14043F80-BA0E-4073-9224-25FC2B886DE7}.Debug|Any CPU.ActiveCfg = Debug|Any CPU
		{14043F80-BA0E-4073-9224-25FC2B886DE7}.Debug|Any CPU.Build.0 = Debug|Any CPU
		{14043F80-BA0E-4073-9224-25FC2B886DE7}.Release|Any CPU.ActiveCfg = Release|Any CPU
		{14043F80-BA0E-4073-9224-25FC2B886DE7}.Release|Any CPU.Build.0 = Release|Any CPU
	EndGlobalSection
	GlobalSection(SolutionProperties) = preSolution
		HideSolutionNode = FALSE
	EndGlobalSection
	GlobalSection(ExtensibilityGlobals) = postSolution
		SolutionGuid = {AA296034-B45E-412C-A284-A1B6BA5BA618}
	EndGlobalSection
EndGlobal
